// !$*UTF8*$!
{
	archiveVersion = 1;
	classes = {
	};
	objectVersion = 51;
	objects = {

/* Begin PBXBuildFile section */
		374D7245FB0B0A50EE9A2724 /* Pods_Onboarding.framework in Frameworks */ = {isa = PBXBuildFile; fileRef = 8824D485502998438D7429AF /* Pods_Onboarding.framework */; };
		A9D2EEEF2551987400107C74 /* AppDelegate.swift in Sources */ = {isa = PBXBuildFile; fileRef = A9D2EEEE2551987400107C74 /* AppDelegate.swift */; };
		A9D2EEF12551987400107C74 /* SceneDelegate.swift in Sources */ = {isa = PBXBuildFile; fileRef = A9D2EEF02551987400107C74 /* SceneDelegate.swift */; };
		A9D2EEF32551987400107C74 /* ViewController.swift in Sources */ = {isa = PBXBuildFile; fileRef = A9D2EEF22551987400107C74 /* ViewController.swift */; };
		A9D2EEF62551987400107C74 /* Main.storyboard in Resources */ = {isa = PBXBuildFile; fileRef = A9D2EEF42551987400107C74 /* Main.storyboard */; };
		A9D2EEF82551987500107C74 /* Assets.xcassets in Resources */ = {isa = PBXBuildFile; fileRef = A9D2EEF72551987500107C74 /* Assets.xcassets */; };
		A9D2EEFB2551987500107C74 /* LaunchScreen.storyboard in Resources */ = {isa = PBXBuildFile; fileRef = A9D2EEF92551987500107C74 /* LaunchScreen.storyboard */; };
		A9D2EF05255199CF00107C74 /* Onboarding-Sample.zip in Resources */ = {isa = PBXBuildFile; fileRef = A9D2EF04255199CF00107C74 /* Onboarding-Sample.zip */; };
/* End PBXBuildFile section */

/* Begin PBXFileReference section */
		8824D485502998438D7429AF /* Pods_Onboarding.framework */ = {isa = PBXFileReference; explicitFileType = wrapper.framework; includeInIndex = 0; path = Pods_Onboarding.framework; sourceTree = BUILT_PRODUCTS_DIR; };
		A6D1C2E66195B7402F3298C6 /* Pods-Onboarding.release.xcconfig */ = {isa = PBXFileReference; includeInIndex = 1; lastKnownFileType = text.xcconfig; name = "Pods-Onboarding.release.xcconfig"; path = "Target Support Files/Pods-Onboarding/Pods-Onboarding.release.xcconfig"; sourceTree = "<group>"; };
		A9D2EEEB2551987400107C74 /* Onboarding.app */ = {isa = PBXFileReference; explicitFileType = wrapper.application; includeInIndex = 0; path = Onboarding.app; sourceTree = BUILT_PRODUCTS_DIR; };
		A9D2EEEE2551987400107C74 /* AppDelegate.swift */ = {isa = PBXFileReference; lastKnownFileType = sourcecode.swift; path = AppDelegate.swift; sourceTree = "<group>"; };
		A9D2EEF02551987400107C74 /* SceneDelegate.swift */ = {isa = PBXFileReference; lastKnownFileType = sourcecode.swift; path = SceneDelegate.swift; sourceTree = "<group>"; };
		A9D2EEF22551987400107C74 /* ViewController.swift */ = {isa = PBXFileReference; lastKnownFileType = sourcecode.swift; path = ViewController.swift; sourceTree = "<group>"; };
		A9D2EEF52551987400107C74 /* Base */ = {isa = PBXFileReference; lastKnownFileType = file.storyboard; name = Base; path = Base.lproj/Main.storyboard; sourceTree = "<group>"; };
		A9D2EEF72551987500107C74 /* Assets.xcassets */ = {isa = PBXFileReference; lastKnownFileType = folder.assetcatalog; path = Assets.xcassets; sourceTree = "<group>"; };
		A9D2EEFA2551987500107C74 /* Base */ = {isa = PBXFileReference; lastKnownFileType = file.storyboard; name = Base; path = Base.lproj/LaunchScreen.storyboard; sourceTree = "<group>"; };
		A9D2EEFC2551987500107C74 /* Info.plist */ = {isa = PBXFileReference; lastKnownFileType = text.plist.xml; path = Info.plist; sourceTree = "<group>"; };
		A9D2EF04255199CF00107C74 /* Onboarding-Sample.zip */ = {isa = PBXFileReference; lastKnownFileType = archive.zip; path = "Onboarding-Sample.zip"; sourceTree = "<group>"; };
		B71D325969884D1024F8BB71 /* Pods-Onboarding.debug.xcconfig */ = {isa = PBXFileReference; includeInIndex = 1; lastKnownFileType = text.xcconfig; name = "Pods-Onboarding.debug.xcconfig"; path = "Target Support Files/Pods-Onboarding/Pods-Onboarding.debug.xcconfig"; sourceTree = "<group>"; };
/* End PBXFileReference section */

/* Begin PBXFrameworksBuildPhase section */
		A9D2EEE82551987400107C74 /* Frameworks */ = {
			isa = PBXFrameworksBuildPhase;
			buildActionMask = 2147483647;
			files = (
				374D7245FB0B0A50EE9A2724 /* Pods_Onboarding.framework in Frameworks */,
			);
			runOnlyForDeploymentPostprocessing = 0;
		};
/* End PBXFrameworksBuildPhase section */

/* Begin PBXGroup section */
		25C79106F0EFF65246D9DFCC /* Frameworks */ = {
			isa = PBXGroup;
			children = (
				8824D485502998438D7429AF /* Pods_Onboarding.framework */,
			);
			name = Frameworks;
			sourceTree = "<group>";
		};
		63BCA01EACE77C50D96F717A /* Pods */ = {
			isa = PBXGroup;
			children = (
				B71D325969884D1024F8BB71 /* Pods-Onboarding.debug.xcconfig */,
				A6D1C2E66195B7402F3298C6 /* Pods-Onboarding.release.xcconfig */,
			);
			path = Pods;
			sourceTree = "<group>";
		};
		A9D2EEE22551987400107C74 = {
			isa = PBXGroup;
			children = (
				A9D2EEED2551987400107C74 /* Onboarding */,
				A9D2EEEC2551987400107C74 /* Products */,
				63BCA01EACE77C50D96F717A /* Pods */,
				25C79106F0EFF65246D9DFCC /* Frameworks */,
			);
			sourceTree = "<group>";
		};
		A9D2EEEC2551987400107C74 /* Products */ = {
			isa = PBXGroup;
			children = (
				A9D2EEEB2551987400107C74 /* Onboarding.app */,
			);
			name = Products;
			sourceTree = "<group>";
		};
		A9D2EEED2551987400107C74 /* Onboarding */ = {
			isa = PBXGroup;
			children = (
				A9D2EF04255199CF00107C74 /* Onboarding-Sample.zip */,
				A9D2EEEE2551987400107C74 /* AppDelegate.swift */,
				A9D2EEF02551987400107C74 /* SceneDelegate.swift */,
				A9D2EEF22551987400107C74 /* ViewController.swift */,
				A9D2EEF42551987400107C74 /* Main.storyboard */,
				A9D2EEF72551987500107C74 /* Assets.xcassets */,
				A9D2EEF92551987500107C74 /* LaunchScreen.storyboard */,
				A9D2EEFC2551987500107C74 /* Info.plist */,
			);
			path = Onboarding;
			sourceTree = "<group>";
		};
/* End PBXGroup section */

/* Begin PBXNativeTarget section */
		A9D2EEEA2551987400107C74 /* Onboarding */ = {
			isa = PBXNativeTarget;
			buildConfigurationList = A9D2EEFF2551987500107C74 /* Build configuration list for PBXNativeTarget "Onboarding" */;
			buildPhases = (
				7F60088D201EE697053F216A /* [CP] Check Pods Manifest.lock */,
				A9D2EEE72551987400107C74 /* Sources */,
				A9D2EEE82551987400107C74 /* Frameworks */,
				A9D2EEE92551987400107C74 /* Resources */,
				07AD70A8711323E702625CBE /* [CP] Embed Pods Frameworks */,
			);
			buildRules = (
			);
			dependencies = (
			);
			name = Onboarding;
			productName = Onboarding;
			productReference = A9D2EEEB2551987400107C74 /* Onboarding.app */;
			productType = "com.apple.product-type.application";
		};
/* End PBXNativeTarget section */

/* Begin PBXProject section */
		A9D2EEE32551987400107C74 /* Project object */ = {
			isa = PBXProject;
			attributes = {
				LastSwiftUpdateCheck = 1210;
				LastUpgradeCheck = 1210;
				TargetAttributes = {
					A9D2EEEA2551987400107C74 = {
						CreatedOnToolsVersion = 12.1;
					};
				};
			};
			buildConfigurationList = A9D2EEE62551987400107C74 /* Build configuration list for PBXProject "Onboarding" */;
			compatibilityVersion = "Xcode 9.3";
			developmentRegion = en;
			hasScannedForEncodings = 0;
			knownRegions = (
				en,
				Base,
			);
			mainGroup = A9D2EEE22551987400107C74;
			productRefGroup = A9D2EEEC2551987400107C74 /* Products */;
			projectDirPath = "";
			projectRoot = "";
			targets = (
				A9D2EEEA2551987400107C74 /* Onboarding */,
			);
		};
/* End PBXProject section */

/* Begin PBXResourcesBuildPhase section */
		A9D2EEE92551987400107C74 /* Resources */ = {
			isa = PBXResourcesBuildPhase;
			buildActionMask = 2147483647;
			files = (
				A9D2EF05255199CF00107C74 /* Onboarding-Sample.zip in Resources */,
				A9D2EEFB2551987500107C74 /* LaunchScreen.storyboard in Resources */,
				A9D2EEF82551987500107C74 /* Assets.xcassets in Resources */,
				A9D2EEF62551987400107C74 /* Main.storyboard in Resources */,
			);
			runOnlyForDeploymentPostprocessing = 0;
		};
/* End PBXResourcesBuildPhase section */

/* Begin PBXShellScriptBuildPhase section */
		07AD70A8711323E702625CBE /* [CP] Embed Pods Frameworks */ = {
			isa = PBXShellScriptBuildPhase;
			buildActionMask = 2147483647;
			files = (
			);
			inputFileListPaths = (
				"${PODS_ROOT}/Target Support Files/Pods-Onboarding/Pods-Onboarding-frameworks-${CONFIGURATION}-input-files.xcfilelist",
			);
			name = "[CP] Embed Pods Frameworks";
			outputFileListPaths = (
				"${PODS_ROOT}/Target Support Files/Pods-Onboarding/Pods-Onboarding-frameworks-${CONFIGURATION}-output-files.xcfilelist",
			);
			runOnlyForDeploymentPostprocessing = 0;
			shellPath = /bin/sh;
			shellScript = "\"${PODS_ROOT}/Target Support Files/Pods-Onboarding/Pods-Onboarding-frameworks.sh\"\n";
			showEnvVarsInLog = 0;
		};
		7F60088D201EE697053F216A /* [CP] Check Pods Manifest.lock */ = {
			isa = PBXShellScriptBuildPhase;
			buildActionMask = 2147483647;
			files = (
			);
			inputFileListPaths = (
			);
			inputPaths = (
				"${PODS_PODFILE_DIR_PATH}/Podfile.lock",
				"${PODS_ROOT}/Manifest.lock",
			);
			name = "[CP] Check Pods Manifest.lock";
			outputFileListPaths = (
			);
			outputPaths = (
				"$(DERIVED_FILE_DIR)/Pods-Onboarding-checkManifestLockResult.txt",
			);
			runOnlyForDeploymentPostprocessing = 0;
			shellPath = /bin/sh;
			shellScript = "diff \"${PODS_PODFILE_DIR_PATH}/Podfile.lock\" \"${PODS_ROOT}/Manifest.lock\" > /dev/null\nif [ $? != 0 ] ; then\n    # print error to STDERR\n    echo \"error: The sandbox is not in sync with the Podfile.lock. Run 'pod install' or update your CocoaPods installation.\" >&2\n    exit 1\nfi\n# This output is used by Xcode 'outputs' to avoid re-running this script phase.\necho \"SUCCESS\" > \"${SCRIPT_OUTPUT_FILE_0}\"\n";
			showEnvVarsInLog = 0;
		};
/* End PBXShellScriptBuildPhase section */

/* Begin PBXSourcesBuildPhase section */
		A9D2EEE72551987400107C74 /* Sources */ = {
			isa = PBXSourcesBuildPhase;
			buildActionMask = 2147483647;
			files = (
				A9D2EEF32551987400107C74 /* ViewController.swift in Sources */,
				A9D2EEEF2551987400107C74 /* AppDelegate.swift in Sources */,
				A9D2EEF12551987400107C74 /* SceneDelegate.swift in Sources */,
			);
			runOnlyForDeploymentPostprocessing = 0;
		};
/* End PBXSourcesBuildPhase section */

/* Begin PBXVariantGroup section */
		A9D2EEF42551987400107C74 /* Main.storyboard */ = {
			isa = PBXVariantGroup;
			children = (
				A9D2EEF52551987400107C74 /* Base */,
			);
			name = Main.storyboard;
			sourceTree = "<group>";
		};
		A9D2EEF92551987500107C74 /* LaunchScreen.storyboard */ = {
			isa = PBXVariantGroup;
			children = (
				A9D2EEFA2551987500107C74 /* Base */,
			);
			name = LaunchScreen.storyboard;
			sourceTree = "<group>";
		};
/* End PBXVariantGroup section */

/* Begin XCBuildConfiguration section */
		A9D2EEFD2551987500107C74 /* Debug */ = {
			isa = XCBuildConfiguration;
			buildSettings = {
				ALWAYS_SEARCH_USER_PATHS = NO;
				CLANG_ANALYZER_NONNULL = YES;
				CLANG_ANALYZER_NUMBER_OBJECT_CONVERSION = YES_AGGRESSIVE;
				CLANG_CXX_LANGUAGE_STANDARD = "gnu++14";
				CLANG_CXX_LIBRARY = "libc++";
				CLANG_ENABLE_MODULES = YES;
				CLANG_ENABLE_OBJC_ARC = YES;
				CLANG_ENABLE_OBJC_WEAK = YES;
				CLANG_WARN_BLOCK_CAPTURE_AUTORELEASING = YES;
				CLANG_WARN_BOOL_CONVERSION = YES;
				CLANG_WARN_COMMA = YES;
				CLANG_WARN_CONSTANT_CONVERSION = YES;
				CLANG_WARN_DEPRECATED_OBJC_IMPLEMENTATIONS = YES;
				CLANG_WARN_DIRECT_OBJC_ISA_USAGE = YES_ERROR;
				CLANG_WARN_DOCUMENTATION_COMMENTS = YES;
				CLANG_WARN_EMPTY_BODY = YES;
				CLANG_WARN_ENUM_CONVERSION = YES;
				CLANG_WARN_INFINITE_RECURSION = YES;
				CLANG_WARN_INT_CONVERSION = YES;
				CLANG_WARN_NON_LITERAL_NULL_CONVERSION = YES;
				CLANG_WARN_OBJC_IMPLICIT_RETAIN_SELF = YES;
				CLANG_WARN_OBJC_LITERAL_CONVERSION = YES;
				CLANG_WARN_OBJC_ROOT_CLASS = YES_ERROR;
				CLANG_WARN_QUOTED_INCLUDE_IN_FRAMEWORK_HEADER = YES;
				CLANG_WARN_RANGE_LOOP_ANALYSIS = YES;
				CLANG_WARN_STRICT_PROTOTYPES = YES;
				CLANG_WARN_SUSPICIOUS_MOVE = YES;
				CLANG_WARN_UNGUARDED_AVAILABILITY = YES_AGGRESSIVE;
				CLANG_WARN_UNREACHABLE_CODE = YES;
				CLANG_WARN__DUPLICATE_METHOD_MATCH = YES;
				COPY_PHASE_STRIP = NO;
				DEBUG_INFORMATION_FORMAT = dwarf;
				ENABLE_STRICT_OBJC_MSGSEND = YES;
				ENABLE_TESTABILITY = YES;
				GCC_C_LANGUAGE_STANDARD = gnu11;
				GCC_DYNAMIC_NO_PIC = NO;
				GCC_NO_COMMON_BLOCKS = YES;
				GCC_OPTIMIZATION_LEVEL = 0;
				GCC_PREPROCESSOR_DEFINITIONS = (
					"DEBUG=1",
					"$(inherited)",
				);
				GCC_WARN_64_TO_32_BIT_CONVERSION = YES;
				GCC_WARN_ABOUT_RETURN_TYPE = YES_ERROR;
				GCC_WARN_UNDECLARED_SELECTOR = YES;
				GCC_WARN_UNINITIALIZED_AUTOS = YES_AGGRESSIVE;
				GCC_WARN_UNUSED_FUNCTION = YES;
				GCC_WARN_UNUSED_VARIABLE = YES;
				IPHONEOS_DEPLOYMENT_TARGET = 14.1;
				MTL_ENABLE_DEBUG_INFO = INCLUDE_SOURCE;
				MTL_FAST_MATH = YES;
				ONLY_ACTIVE_ARCH = YES;
				SDKROOT = iphoneos;
				SWIFT_ACTIVE_COMPILATION_CONDITIONS = DEBUG;
				SWIFT_OPTIMIZATION_LEVEL = "-Onone";
			};
			name = Debug;
		};
		A9D2EEFE2551987500107C74 /* Release */ = {
			isa = XCBuildConfiguration;
			buildSettings = {
				ALWAYS_SEARCH_USER_PATHS = NO;
				CLANG_ANALYZER_NONNULL = YES;
				CLANG_ANALYZER_NUMBER_OBJECT_CONVERSION = YES_AGGRESSIVE;
				CLANG_CXX_LANGUAGE_STANDARD = "gnu++14";
				CLANG_CXX_LIBRARY = "libc++";
				CLANG_ENABLE_MODULES = YES;
				CLANG_ENABLE_OBJC_ARC = YES;
				CLANG_ENABLE_OBJC_WEAK = YES;
				CLANG_WARN_BLOCK_CAPTURE_AUTORELEASING = YES;
				CLANG_WARN_BOOL_CONVERSION = YES;
				CLANG_WARN_COMMA = YES;
				CLANG_WARN_CONSTANT_CONVERSION = YES;
				CLANG_WARN_DEPRECATED_OBJC_IMPLEMENTATIONS = YES;
				CLANG_WARN_DIRECT_OBJC_ISA_USAGE = YES_ERROR;
				CLANG_WARN_DOCUMENTATION_COMMENTS = YES;
				CLANG_WARN_EMPTY_BODY = YES;
				CLANG_WARN_ENUM_CONVERSION = YES;
				CLANG_WARN_INFINITE_RECURSION = YES;
				CLANG_WARN_INT_CONVERSION = YES;
				CLANG_WARN_NON_LITERAL_NULL_CONVERSION = YES;
				CLANG_WARN_OBJC_IMPLICIT_RETAIN_SELF = YES;
				CLANG_WARN_OBJC_LITERAL_CONVERSION = YES;
				CLANG_WARN_OBJC_ROOT_CLASS = YES_ERROR;
				CLANG_WARN_QUOTED_INCLUDE_IN_FRAMEWORK_HEADER = YES;
				CLANG_WARN_RANGE_LOOP_ANALYSIS = YES;
				CLANG_WARN_STRICT_PROTOTYPES = YES;
				CLANG_WARN_SUSPICIOUS_MOVE = YES;
				CLANG_WARN_UNGUARDED_AVAILABILITY = YES_AGGRESSIVE;
				CLANG_WARN_UNREACHABLE_CODE = YES;
				CLANG_WARN__DUPLICATE_METHOD_MATCH = YES;
				COPY_PHASE_STRIP = NO;
				DEBUG_INFORMATION_FORMAT = "dwarf-with-dsym";
				ENABLE_NS_ASSERTIONS = NO;
				ENABLE_STRICT_OBJC_MSGSEND = YES;
				GCC_C_LANGUAGE_STANDARD = gnu11;
				GCC_NO_COMMON_BLOCKS = YES;
				GCC_WARN_64_TO_32_BIT_CONVERSION = YES;
				GCC_WARN_ABOUT_RETURN_TYPE = YES_ERROR;
				GCC_WARN_UNDECLARED_SELECTOR = YES;
				GCC_WARN_UNINITIALIZED_AUTOS = YES_AGGRESSIVE;
				GCC_WARN_UNUSED_FUNCTION = YES;
				GCC_WARN_UNUSED_VARIABLE = YES;
				IPHONEOS_DEPLOYMENT_TARGET = 14.1;
				MTL_ENABLE_DEBUG_INFO = NO;
				MTL_FAST_MATH = YES;
				SDKROOT = iphoneos;
				SWIFT_COMPILATION_MODE = wholemodule;
				SWIFT_OPTIMIZATION_LEVEL = "-O";
				VALIDATE_PRODUCT = YES;
			};
			name = Release;
		};
		A9D2EF002551987500107C74 /* Debug */ = {
			isa = XCBuildConfiguration;
			baseConfigurationReference = B71D325969884D1024F8BB71 /* Pods-Onboarding.debug.xcconfig */;
			buildSettings = {
				ASSETCATALOG_COMPILER_APPICON_NAME = AppIcon;
				ASSETCATALOG_COMPILER_GLOBAL_ACCENT_COLOR_NAME = AccentColor;
				CODE_SIGN_STYLE = Automatic;
				DEVELOPMENT_TEAM = 2GRGSY42RT;
				INFOPLIST_FILE = Onboarding/Info.plist;
				LD_RUNPATH_SEARCH_PATHS = (
					"$(inherited)",
					"@executable_path/Frameworks",
				);
				PRODUCT_BUNDLE_IDENTIFIER = com.localytics.Onboarding;
				PRODUCT_NAME = "$(TARGET_NAME)";
				SWIFT_VERSION = 5.0;
				TARGETED_DEVICE_FAMILY = "1,2";
			};
			name = Debug;
		};
		A9D2EF012551987500107C74 /* Release */ = {
			isa = XCBuildConfiguration;
			baseConfigurationReference = A6D1C2E66195B7402F3298C6 /* Pods-Onboarding.release.xcconfig */;
			buildSettings = {
				ASSETCATALOG_COMPILER_APPICON_NAME = AppIcon;
				ASSETCATALOG_COMPILER_GLOBAL_ACCENT_COLOR_NAME = AccentColor;
				CODE_SIGN_STYLE = Automatic;
				DEVELOPMENT_TEAM = 2GRGSY42RT;
				INFOPLIST_FILE = Onboarding/Info.plist;
				LD_RUNPATH_SEARCH_PATHS = (
					"$(inherited)",
					"@executable_path/Frameworks",
				);
				PRODUCT_BUNDLE_IDENTIFIER = com.localytics.Onboarding;
				PRODUCT_NAME = "$(TARGET_NAME)";
				SWIFT_VERSION = 5.0;
				TARGETED_DEVICE_FAMILY = "1,2";
			};
			name = Release;
		};
/* End XCBuildConfiguration section */

/* Begin XCConfigurationList section */
		A9D2EEE62551987400107C74 /* Build configuration list for PBXProject "Onboarding" */ = {
			isa = XCConfigurationList;
			buildConfigurations = (
				A9D2EEFD2551987500107C74 /* Debug */,
				A9D2EEFE2551987500107C74 /* Release */,
			);
			defaultConfigurationIsVisible = 0;
			defaultConfigurationName = Release;
		};
		A9D2EEFF2551987500107C74 /* Build configuration list for PBXNativeTarget "Onboarding" */ = {
			isa = XCConfigurationList;
			buildConfigurations = (
				A9D2EF002551987500107C74 /* Debug */,
				A9D2EF012551987500107C74 /* Release */,
			);
			defaultConfigurationIsVisible = 0;
			defaultConfigurationName = Release;
		};
/* End XCConfigurationList section */
	};
	rootObject = A9D2EEE32551987400107C74 /* Project object */;
}
